<?xml version="1.0" encoding="utf-8"?>
<Project ToolsVersion="4.0" xmlns="http://schemas.microsoft.com/developer/msbuild/2003">
  <ItemGroup>
    <Filter Include="win32">
      <UniqueIdentifier>{84a8ebd7-7cf0-47f6-b75e-d441df67da40}</UniqueIdentifier>
    </Filter>
    <Filter Include="resource">
      <UniqueIdentifier>{715254bc-d70b-4ec5-bf29-467dd3ace079}</UniqueIdentifier>
    </Filter>
    <Filter Include="src">
      <UniqueIdentifier>{bb6c862e-70e9-49d9-81b7-3829a6f50471}</UniqueIdentifier>
    </Filter>
    <Filter Include="classes">
      <UniqueIdentifier>{da871145-87b1-4481-a99e-88b15cea001d}</UniqueIdentifier>
    </Filter>
    <Filter Include="classes\configs">
      <UniqueIdentifier>{a4bbeef8-051d-4182-bcd8-a6cf2550c693}</UniqueIdentifier>
    </Filter>
    <Filter Include="classes\models">
      <UniqueIdentifier>{60f60cb1-79bf-467a-8059-c6751d6f681d}</UniqueIdentifier>
    </Filter>
    <Filter Include="classes\views">
      <UniqueIdentifier>{041d0057-4af6-45d1-908c-c21aa2047aef}</UniqueIdentifier>
    </Filter>
    <Filter Include="classes\controllers">
      <UniqueIdentifier>{7342a203-fd31-44a4-adc2-75a35deefc99}</UniqueIdentifier>
    </Filter>
    <Filter Include="classes\managers">
      <UniqueIdentifier>{78801fd8-72d4-4b49-ac14-e0741ecbfa3d}</UniqueIdentifier>
    </Filter>
    <Filter Include="classes\services">
      <UniqueIdentifier>{762783b9-baba-4fd1-894f-9d39e6646c91}</UniqueIdentifier>
    </Filter>
    <Filter Include="classes\utils">
      <UniqueIdentifier>{d35693ba-9eb8-45b3-ad11-cd7cfd6fd180}</UniqueIdentifier>
    </Filter>
  </ItemGroup>
  <ItemGroup>
    <ClCompile Include="main.cpp">
      <Filter>win32</Filter>
    </ClCompile>
    <ClCompile Include="..\Classes\AppDelegate.cpp">
      <Filter>src</Filter>
    </ClCompile>
    <ClCompile Include="..\Classes\configs\loaders\LevelConfigLoader.cpp">
      <Filter>classes\configs</Filter>
    </ClCompile>
    <ClCompile Include="..\Classes\controllers\GameController.cpp">
      <Filter>classes\controllers</Filter>
    </ClCompile>
    <ClCompile Include="..\Classes\GameScene.cpp">
      <Filter>src</Filter>
    </ClCompile>
    <ClCompile Include="..\Classes\HelloWorldScene.cpp">
      <Filter>src</Filter>
    </ClCompile>
    <ClCompile Include="..\Classes\managers\UndoManager.cpp">
      <Filter>classes\managers</Filter>
    </ClCompile>
    <ClCompile Include="..\Classes\services\GameModelFromLevelGenerator.cpp">
      <Filter>classes\services</Filter>
    </ClCompile>
    <ClCompile Include="..\Classes\views\CardView.cpp">
      <Filter>classes\views</Filter>
    </ClCompile>
    <ClCompile Include="..\Classes\views\GameView.cpp">
      <Filter>classes\views</Filter>
    </ClCompile>
  </ItemGroup>
  <ItemGroup>
    <ClInclude Include="main.h">
      <Filter>win32</Filter>
    </ClInclude>
    <ClInclude Include="..\Classes\AppDelegate.h">
      <Filter>src</Filter>
    </ClInclude>
    <ClInclude Include="..\Classes\configs\loaders\LevelConfigLoader.h">
      <Filter>classes\configs</Filter>
    </ClInclude>
    <ClInclude Include="..\Classes\configs\models\LevelConfig.h">
      <Filter>classes\configs</Filter>
    </ClInclude>
    <ClInclude Include="..\Classes\controllers\GameController.h">
      <Filter>classes\controllers</Filter>
    </ClInclude>
    <ClInclude Include="..\Classes\GameScene.h">
      <Filter>src</Filter>
    </ClInclude>
    <ClInclude Include="..\Classes\HelloWorldScene.h">
      <Filter>src</Filter>
    </ClInclude>
    <ClInclude Include="..\Classes\managers\UndoManager.h">
      <Filter>classes\managers</Filter>
    </ClInclude>
    <ClInclude Include="..\Classes\models\CardModel.h">
      <Filter>classes\models</Filter>
    </ClInclude>
    <ClInclude Include="..\Classes\models\CardTypes.h">
      <Filter>classes\models</Filter>
    </ClInclude>
    <ClInclude Include="..\Classes\models\GameModel.h">
      <Filter>classes\models</Filter>
    </ClInclude>
    <ClInclude Include="..\Classes\models\UndoModel.h">
      <Filter>classes\models</Filter>
    </ClInclude>
    <ClInclude Include="..\Classes\services\CardRuleService.h">
      <Filter>classes\services</Filter>
    </ClInclude>
    <ClInclude Include="..\Classes\services\GameModelFromLevelGenerator.h">
      <Filter>classes\services</Filter>
    </ClInclude>
    <ClInclude Include="..\Classes\views\CardView.h">
      <Filter>classes\views</Filter>
    </ClInclude>
    <ClInclude Include="..\Classes\views\GameView.h">
      <Filter>classes\views</Filter>
    </ClInclude>
  </ItemGroup>
  <ItemGroup>
    <ResourceCompile Include="game.rc">
      <Filter>resource</Filter>
    </ResourceCompile>
  </ItemGroup>
</Project>